
Microsoft Visual Studio Solution File, Format Version 12.00
# Visual Studio Version 17
VisualStudioVersion = 17.6.33723.286
MinimumVisualStudioVersion = 10.0.40219.1
Project("{FAE04EC0-301F-11D3-BF4B-00C04F79EFBC}") = "HybridApp1", "HybridApp1.csproj", "{E7B3BB83-5820-4137-B7CA-AAA9598F48FA}"
EndProject
Project("{FAE04EC0-301F-11D3-BF4B-00C04F79EFBC}") = "HybridOfflineApplication1", "..\HybridOfflineApplication1\HybridOfflineApplication1.csproj", "{03197D46-FF03-4D90-9487-D7A4F5A7F8B9}"
EndProject
Global
	GlobalSection(SolutionConfigurationPlatforms) = preSolution
		Debug|Any CPU = Debug|Any CPU
		Release|Any CPU = Release|Any CPU
	EndGlobalSection
	GlobalSection(ProjectConfigurationPlatforms) = postSolution
		{E7B3BB83-5820-4137-B7CA-AAA9598F48FA}.Debug|Any CPU.ActiveCfg = Debug|Any CPU
		{E7B3BB83-5820-4137-B7CA-AAA9598F48FA}.Debug|Any CPU.Build.0 = Debug|Any CPU
		{E7B3BB83-5820-4137-B7CA-AAA9598F48FA}.Debug|Any CPU.Deploy.0 = Debug|Any CPU
		{E7B3BB83-5820-4137-B7CA-AAA9598F48FA}.Release|Any CPU.ActiveCfg = Release|Any CPU
		{E7B3BB83-5820-4137-B7CA-AAA9598F48FA}.Release|Any CPU.Build.0 = Release|Any CPU
		{E7B3BB83-5820-4137-B7CA-AAA9598F48FA}.Release|Any CPU.Deploy.0 = Release|Any CPU
		{03197D46-FF03-4D90-9487-D7A4F5A7F8B9}.Debug|Any CPU.ActiveCfg = Debug|Any CPU
		{03197D46-FF03-4D90-9487-D7A4F5A7F8B9}.Debug|Any CPU.Build.0 = Debug|Any CPU
		{03197D46-FF03-4D90-9487-D7A4F5A7F8B9}.Release|Any CPU.ActiveCfg = Release|Any CPU
		{03197D46-FF03-4D90-9487-D7A4F5A7F8B9}.Release|Any CPU.Build.0 = Release|Any CPU
	EndGlobalSection
	GlobalSection(SolutionProperties) = preSolution
		HideSolutionNode = FALSE
	EndGlobalSection
	GlobalSection(ExtensibilityGlobals) = postSolution
		SolutionGuid = {C51D316B-0678-4B9C-A99C-E8131BA7F5F2}
	EndGlobalSection
EndGlobal
